// !$*UTF8*$!
{
	archiveVersion = 1;
	classes = {
	};
	objectVersion = 46;
	objects = {

/* Begin PBXBuildFile section */
		98EACACC158A86460078D06C /* Security.framework in Frameworks */ = {isa = PBXBuildFile; fileRef = 98EACACB158A86460078D06C /* Security.framework */; };
		98EACAD0158A89670078D06C /* PasswordStoring.m in Sources */ = {isa = PBXBuildFile; fileRef = 98EACACF158A89670078D06C /* PasswordStoring.m */; };
		B4688666158FF4D900C94B09 /* README.md in Resources */ = {isa = PBXBuildFile; fileRef = B4688665158FF4D900C94B09 /* README.md */; };
		B4688669158FF91A00C94B09 /* Appicon.icns in Resources */ = {isa = PBXBuildFile; fileRef = B4688667158FF91A00C94B09 /* Appicon.icns */; };
		B4EC27EC1591577000E79E8B /* libPTHotkey-OSX.a in Frameworks */ = {isa = PBXBuildFile; fileRef = B4EC27EB1591577000E79E8B /* libPTHotkey-OSX.a */; };
		B4EC27EF1591577A00E79E8B /* PTKeyCodes.plist in Resources */ = {isa = PBXBuildFile; fileRef = B4EC27ED1591577A00E79E8B /* PTKeyCodes.plist */; };
		B4EC27F01591577A00E79E8B /* PTKeyComboPanel.xib in Resources */ = {isa = PBXBuildFile; fileRef = B4EC27EE1591577A00E79E8B /* PTKeyComboPanel.xib */; };
		E1643539159DFAD00063096B /* QRMainAppSettingsViewController.m in Sources */ = {isa = PBXBuildFile; fileRef = E1643537159DFAD00063096B /* QRMainAppSettingsViewController.m */; };
		E164353A159DFAD00063096B /* QRMainAppSettingsViewController.xib in Resources */ = {isa = PBXBuildFile; fileRef = E1643538159DFAD00063096B /* QRMainAppSettingsViewController.xib */; };
		E1643540159DFCE50063096B /* QRRadarSubmissionServicePreferencesViewController.m in Sources */ = {isa = PBXBuildFile; fileRef = E164353E159DFCE50063096B /* QRRadarSubmissionServicePreferencesViewController.m */; };
		E1643541159DFCE50063096B /* QRRadarSubmissionServicePreferencesViewController.xib in Resources */ = {isa = PBXBuildFile; fileRef = E164353F159DFCE50063096B /* QRRadarSubmissionServicePreferencesViewController.xib */; };
		E164357B15A2FC770063096B /* NSError+Additions.m in Sources */ = {isa = PBXBuildFile; fileRef = E164357A15A2FC770063096B /* NSError+Additions.m */; };
		E164358815A34FBB0063096B /* Sparkle.framework in Frameworks */ = {isa = PBXBuildFile; fileRef = E164358715A34FBB0063096B /* Sparkle.framework */; };
		E164358A15A351A40063096B /* dsa_pub.pem in Resources */ = {isa = PBXBuildFile; fileRef = E164358915A351A40063096B /* dsa_pub.pem */; };
		E164358B15A352130063096B /* Sparkle.framework in CopyFiles */ = {isa = PBXBuildFile; fileRef = E164358715A34FBB0063096B /* Sparkle.framework */; };
		E19CFC6E159A002E00879280 /* QRRadar.m in Sources */ = {isa = PBXBuildFile; fileRef = E19CFC6D159A002E00879280 /* QRRadar.m */; };
		E19CFC71159A010600879280 /* QRSubmissionService.m in Sources */ = {isa = PBXBuildFile; fileRef = E19CFC70159A010600879280 /* QRSubmissionService.m */; };
		E19CFC75159A037300879280 /* QRRadarSubmissionService.m in Sources */ = {isa = PBXBuildFile; fileRef = E19CFC74159A037300879280 /* QRRadarSubmissionService.m */; };
		E1C10ACA158A7D02003A3C01 /* License in Resources */ = {isa = PBXBuildFile; fileRef = E1C10AC9158A7D02003A3C01 /* License */; };
		E1C10AE71593B4C8003A3C01 /* QRWebScraper.m in Sources */ = {isa = PBXBuildFile; fileRef = E1C10AE61593B4C8003A3C01 /* QRWebScraper.m */; };
		E1CC518E156257BF0027FB83 /* Cocoa.framework in Frameworks */ = {isa = PBXBuildFile; fileRef = E1CC518D156257BF0027FB83 /* Cocoa.framework */; };
		E1CC519A156257BF0027FB83 /* main.m in Sources */ = {isa = PBXBuildFile; fileRef = E1CC5199156257BF0027FB83 /* main.m */; };
		E1CC519E156257BF0027FB83 /* Credits.rtf in Resources */ = {isa = PBXBuildFile; fileRef = E1CC519C156257BF0027FB83 /* Credits.rtf */; };
		E1CC51A1156257BF0027FB83 /* AppDelegate.m in Sources */ = {isa = PBXBuildFile; fileRef = E1CC51A0156257BF0027FB83 /* AppDelegate.m */; };
		E1CC51A4156257BF0027FB83 /* MainMenu.xib in Resources */ = {isa = PBXBuildFile; fileRef = E1CC51A2156257BF0027FB83 /* MainMenu.xib */; };
		E1CC51AE156259AC0027FB83 /* Carbon.framework in Frameworks */ = {isa = PBXBuildFile; fileRef = E1CC51AD156259AC0027FB83 /* Carbon.framework */; };
		E1CC51B115625A8D0027FB83 /* QRRadarWindowController.m in Sources */ = {isa = PBXBuildFile; fileRef = E1CC51B015625A8D0027FB83 /* QRRadarWindowController.m */; };
		E1CC51B315625AAD0027FB83 /* RadarWindow.xib in Resources */ = {isa = PBXBuildFile; fileRef = E1CC51B215625AAD0027FB83 /* RadarWindow.xib */; };
		E1CC51B515625C5B0027FB83 /* Config.plist in Resources */ = {isa = PBXBuildFile; fileRef = E1CC51B415625C5B0027FB83 /* Config.plist */; };
		E1CC51BD156269CC0027FB83 /* QRSubmissionController.m in Sources */ = {isa = PBXBuildFile; fileRef = E1CC51BC156269CC0027FB83 /* QRSubmissionController.m */; };
		E1CC51ED1563BC1E0027FB83 /* NSXMLNode+Additions.m in Sources */ = {isa = PBXBuildFile; fileRef = E1CC51EC1563BC1D0027FB83 /* NSXMLNode+Additions.m */; };
		E1CC51F01563BF720027FB83 /* QRURLConnection.m in Sources */ = {isa = PBXBuildFile; fileRef = E1CC51EF1563BF720027FB83 /* QRURLConnection.m */; };
		E1E909101590ABBA0019F189 /* MenubarTemplate.tif in Resources */ = {isa = PBXBuildFile; fileRef = E1E9090F1590ABBA0019F189 /* MenubarTemplate.tif */; };
		E1ED7E45159DE17B0033D7C0 /* QRPreferencesWindowController.m in Sources */ = {isa = PBXBuildFile; fileRef = E1ED7E43159DE17B0033D7C0 /* QRPreferencesWindowController.m */; };
		E1ED7E46159DE17B0033D7C0 /* QRPreferencesWindowController.xib in Resources */ = {isa = PBXBuildFile; fileRef = E1ED7E44159DE17B0033D7C0 /* QRPreferencesWindowController.xib */; };
		E1F8590B158A2D2F005F77DA /* Growl.framework in Frameworks */ = {isa = PBXBuildFile; fileRef = E1F8590A158A2D2F005F77DA /* Growl.framework */; };
		E1F8590E158A2EEC005F77DA /* Growl.framework in CopyFiles */ = {isa = PBXBuildFile; fileRef = E1F8590A158A2D2F005F77DA /* Growl.framework */; };
		EC9FC49B15DC3F0800635DEB /* QRRadarWindow.m in Sources */ = {isa = PBXBuildFile; fileRef = EC9FC49A15DC3F0800635DEB /* QRRadarWindow.m */; };
		ECBC724D15E02E6E00198D27 /* QRAppListManager.m in Sources */ = {isa = PBXBuildFile; fileRef = ECBC724315E02E6E00198D27 /* QRAppListManager.m */; };
		ECBC724E15E02E6E00198D27 /* QRAppListPopover.m in Sources */ = {isa = PBXBuildFile; fileRef = ECBC724515E02E6E00198D27 /* QRAppListPopover.m */; };
		ECBC724F15E02E6E00198D27 /* QRAppListTableCellView.m in Sources */ = {isa = PBXBuildFile; fileRef = ECBC724715E02E6E00198D27 /* QRAppListTableCellView.m */; };
		ECBC725015E02E6E00198D27 /* QRAppListViewController.m in Sources */ = {isa = PBXBuildFile; fileRef = ECBC724915E02E6E00198D27 /* QRAppListViewController.m */; };
		ECBC725115E02E6E00198D27 /* QRAppListViewController.xib in Resources */ = {isa = PBXBuildFile; fileRef = ECBC724A15E02E6E00198D27 /* QRAppListViewController.xib */; };
		ECBC725215E02E6E00198D27 /* QRCachedRunningApplication.m in Sources */ = {isa = PBXBuildFile; fileRef = ECBC724C15E02E6E00198D27 /* QRCachedRunningApplication.m */; };
		ECBC725A15E02EE300198D27 /* ProductCategories.plist in Resources */ = {isa = PBXBuildFile; fileRef = ECBC725715E02EE300198D27 /* ProductCategories.plist */; };
		ECBC725B15E02EE300198D27 /* WarningIcon.png in Resources */ = {isa = PBXBuildFile; fileRef = ECBC725815E02EE300198D27 /* WarningIcon.png */; };
		ECBC725E15E03AD400198D27 /* AppIconSmall.png in Resources */ = {isa = PBXBuildFile; fileRef = ECBC725D15E03AD400198D27 /* AppIconSmall.png */; };
		ECBC726115E03E4500198D27 /* NSButton+QuickRadar.m in Sources */ = {isa = PBXBuildFile; fileRef = ECBC726015E03E4500198D27 /* NSButton+QuickRadar.m */; };
/* End PBXBuildFile section */

/* Begin PBXCopyFilesBuildPhase section */
		E1F8590D158A2EE5005F77DA /* CopyFiles */ = {
			isa = PBXCopyFilesBuildPhase;
			buildActionMask = 2147483647;
			dstPath = "";
			dstSubfolderSpec = 10;
			files = (
				E1F8590E158A2EEC005F77DA /* Growl.framework in CopyFiles */,
				E164358B15A352130063096B /* Sparkle.framework in CopyFiles */,
			);
			runOnlyForDeploymentPostprocessing = 0;
		};
/* End PBXCopyFilesBuildPhase section */

/* Begin PBXFileReference section */
		98EACACB158A86460078D06C /* Security.framework */ = {isa = PBXFileReference; lastKnownFileType = wrapper.framework; name = Security.framework; path = System/Library/Frameworks/Security.framework; sourceTree = SDKROOT; };
		98EACACE158A89670078D06C /* PasswordStoring.h */ = {isa = PBXFileReference; fileEncoding = 4; lastKnownFileType = sourcecode.c.h; path = PasswordStoring.h; sourceTree = "<group>"; };
		98EACACF158A89670078D06C /* PasswordStoring.m */ = {isa = PBXFileReference; fileEncoding = 4; lastKnownFileType = sourcecode.c.objc; path = PasswordStoring.m; sourceTree = "<group>"; };
		B4688665158FF4D900C94B09 /* README.md */ = {isa = PBXFileReference; fileEncoding = 4; lastKnownFileType = text; path = README.md; sourceTree = SOURCE_ROOT; };
		B4688667158FF91A00C94B09 /* Appicon.icns */ = {isa = PBXFileReference; lastKnownFileType = image.icns; path = Appicon.icns; sourceTree = "<group>"; };
		B4EC27EB1591577000E79E8B /* libPTHotkey-OSX.a */ = {isa = PBXFileReference; lastKnownFileType = archive.ar; name = "libPTHotkey-OSX.a"; path = "PTHotkey/libPTHotkey-OSX.a"; sourceTree = "<group>"; };
		B4EC27ED1591577A00E79E8B /* PTKeyCodes.plist */ = {isa = PBXFileReference; lastKnownFileType = text.plist; name = PTKeyCodes.plist; path = PTHotkey/PTKeyCodes.plist; sourceTree = SOURCE_ROOT; };
		B4EC27EE1591577A00E79E8B /* PTKeyComboPanel.xib */ = {isa = PBXFileReference; fileEncoding = 4; lastKnownFileType = file.xib; name = PTKeyComboPanel.xib; path = PTHotkey/PTKeyComboPanel.xib; sourceTree = SOURCE_ROOT; };
		E1643536159DFAD00063096B /* QRMainAppSettingsViewController.h */ = {isa = PBXFileReference; fileEncoding = 4; lastKnownFileType = sourcecode.c.h; path = QRMainAppSettingsViewController.h; sourceTree = "<group>"; };
		E1643537159DFAD00063096B /* QRMainAppSettingsViewController.m */ = {isa = PBXFileReference; fileEncoding = 4; lastKnownFileType = sourcecode.c.objc; path = QRMainAppSettingsViewController.m; sourceTree = "<group>"; };
		E1643538159DFAD00063096B /* QRMainAppSettingsViewController.xib */ = {isa = PBXFileReference; fileEncoding = 4; lastKnownFileType = file.xib; path = QRMainAppSettingsViewController.xib; sourceTree = "<group>"; };
		E164353D159DFCE50063096B /* QRRadarSubmissionServicePreferencesViewController.h */ = {isa = PBXFileReference; fileEncoding = 4; lastKnownFileType = sourcecode.c.h; path = QRRadarSubmissionServicePreferencesViewController.h; sourceTree = "<group>"; };
		E164353E159DFCE50063096B /* QRRadarSubmissionServicePreferencesViewController.m */ = {isa = PBXFileReference; fileEncoding = 4; lastKnownFileType = sourcecode.c.objc; path = QRRadarSubmissionServicePreferencesViewController.m; sourceTree = "<group>"; };
		E164353F159DFCE50063096B /* QRRadarSubmissionServicePreferencesViewController.xib */ = {isa = PBXFileReference; fileEncoding = 4; lastKnownFileType = file.xib; path = QRRadarSubmissionServicePreferencesViewController.xib; sourceTree = "<group>"; };
		E164357915A2FC770063096B /* NSError+Additions.h */ = {isa = PBXFileReference; fileEncoding = 4; lastKnownFileType = sourcecode.c.h; path = "NSError+Additions.h"; sourceTree = "<group>"; };
		E164357A15A2FC770063096B /* NSError+Additions.m */ = {isa = PBXFileReference; fileEncoding = 4; lastKnownFileType = sourcecode.c.objc; path = "NSError+Additions.m"; sourceTree = "<group>"; };
		E164358215A346910063096B /* QRUserDefaultsKeys.h */ = {isa = PBXFileReference; lastKnownFileType = sourcecode.c.h; path = QRUserDefaultsKeys.h; sourceTree = "<group>"; };
		E164358715A34FBB0063096B /* Sparkle.framework */ = {isa = PBXFileReference; lastKnownFileType = wrapper.framework; path = Sparkle.framework; sourceTree = "<group>"; };
		E164358915A351A40063096B /* dsa_pub.pem */ = {isa = PBXFileReference; fileEncoding = 4; lastKnownFileType = text; path = dsa_pub.pem; sourceTree = "<group>"; };
		E19CFC6C159A002E00879280 /* QRRadar.h */ = {isa = PBXFileReference; fileEncoding = 4; lastKnownFileType = sourcecode.c.h; path = QRRadar.h; sourceTree = "<group>"; };
		E19CFC6D159A002E00879280 /* QRRadar.m */ = {isa = PBXFileReference; fileEncoding = 4; lastKnownFileType = sourcecode.c.objc; path = QRRadar.m; sourceTree = "<group>"; };
		E19CFC6F159A010600879280 /* QRSubmissionService.h */ = {isa = PBXFileReference; fileEncoding = 4; lastKnownFileType = sourcecode.c.h; path = QRSubmissionService.h; sourceTree = "<group>"; };
		E19CFC70159A010600879280 /* QRSubmissionService.m */ = {isa = PBXFileReference; fileEncoding = 4; lastKnownFileType = sourcecode.c.objc; path = QRSubmissionService.m; sourceTree = "<group>"; };
		E19CFC73159A037300879280 /* QRRadarSubmissionService.h */ = {isa = PBXFileReference; fileEncoding = 4; lastKnownFileType = sourcecode.c.h; path = QRRadarSubmissionService.h; sourceTree = "<group>"; };
		E19CFC74159A037300879280 /* QRRadarSubmissionService.m */ = {isa = PBXFileReference; fileEncoding = 4; lastKnownFileType = sourcecode.c.objc; path = QRRadarSubmissionService.m; sourceTree = "<group>"; };
		E1C10AC9158A7D02003A3C01 /* License */ = {isa = PBXFileReference; fileEncoding = 4; lastKnownFileType = text; name = License; path = ../License; sourceTree = "<group>"; };
		E1C10AE51593B4C8003A3C01 /* QRWebScraper.h */ = {isa = PBXFileReference; fileEncoding = 4; lastKnownFileType = sourcecode.c.h; path = QRWebScraper.h; sourceTree = "<group>"; };
		E1C10AE61593B4C8003A3C01 /* QRWebScraper.m */ = {isa = PBXFileReference; fileEncoding = 4; lastKnownFileType = sourcecode.c.objc; path = QRWebScraper.m; sourceTree = "<group>"; };
		E1CC5189156257BF0027FB83 /* QuickRadar.app */ = {isa = PBXFileReference; explicitFileType = wrapper.application; includeInIndex = 0; path = QuickRadar.app; sourceTree = BUILT_PRODUCTS_DIR; };
		E1CC518D156257BF0027FB83 /* Cocoa.framework */ = {isa = PBXFileReference; lastKnownFileType = wrapper.framework; name = Cocoa.framework; path = System/Library/Frameworks/Cocoa.framework; sourceTree = SDKROOT; };
		E1CC5190156257BF0027FB83 /* AppKit.framework */ = {isa = PBXFileReference; lastKnownFileType = wrapper.framework; name = AppKit.framework; path = System/Library/Frameworks/AppKit.framework; sourceTree = SDKROOT; };
		E1CC5191156257BF0027FB83 /* CoreData.framework */ = {isa = PBXFileReference; lastKnownFileType = wrapper.framework; name = CoreData.framework; path = System/Library/Frameworks/CoreData.framework; sourceTree = SDKROOT; };
		E1CC5192156257BF0027FB83 /* Foundation.framework */ = {isa = PBXFileReference; lastKnownFileType = wrapper.framework; name = Foundation.framework; path = System/Library/Frameworks/Foundation.framework; sourceTree = SDKROOT; };
		E1CC5195156257BF0027FB83 /* QuickRadar-Info.plist */ = {isa = PBXFileReference; lastKnownFileType = text.plist.xml; path = "QuickRadar-Info.plist"; sourceTree = "<group>"; };
		E1CC5199156257BF0027FB83 /* main.m */ = {isa = PBXFileReference; lastKnownFileType = sourcecode.c.objc; path = main.m; sourceTree = "<group>"; };
		E1CC519B156257BF0027FB83 /* QuickRadar-Prefix.pch */ = {isa = PBXFileReference; lastKnownFileType = sourcecode.c.h; path = "QuickRadar-Prefix.pch"; sourceTree = "<group>"; };
		E1CC519D156257BF0027FB83 /* en */ = {isa = PBXFileReference; lastKnownFileType = text.rtf; name = en; path = en.lproj/Credits.rtf; sourceTree = "<group>"; };
		E1CC519F156257BF0027FB83 /* AppDelegate.h */ = {isa = PBXFileReference; lastKnownFileType = sourcecode.c.h; path = AppDelegate.h; sourceTree = "<group>"; };
		E1CC51A0156257BF0027FB83 /* AppDelegate.m */ = {isa = PBXFileReference; lastKnownFileType = sourcecode.c.objc; path = AppDelegate.m; sourceTree = "<group>"; };
		E1CC51A3156257BF0027FB83 /* en */ = {isa = PBXFileReference; lastKnownFileType = file.xib; name = en; path = en.lproj/MainMenu.xib; sourceTree = "<group>"; };
		E1CC51AD156259AC0027FB83 /* Carbon.framework */ = {isa = PBXFileReference; lastKnownFileType = wrapper.framework; name = Carbon.framework; path = System/Library/Frameworks/Carbon.framework; sourceTree = SDKROOT; };
		E1CC51AF15625A8D0027FB83 /* QRRadarWindowController.h */ = {isa = PBXFileReference; fileEncoding = 4; lastKnownFileType = sourcecode.c.h; path = QRRadarWindowController.h; sourceTree = "<group>"; };
		E1CC51B015625A8D0027FB83 /* QRRadarWindowController.m */ = {isa = PBXFileReference; fileEncoding = 4; lastKnownFileType = sourcecode.c.objc; path = QRRadarWindowController.m; sourceTree = "<group>"; };
		E1CC51B215625AAD0027FB83 /* RadarWindow.xib */ = {isa = PBXFileReference; fileEncoding = 4; lastKnownFileType = file.xib; path = RadarWindow.xib; sourceTree = "<group>"; };
		E1CC51B415625C5B0027FB83 /* Config.plist */ = {isa = PBXFileReference; fileEncoding = 4; lastKnownFileType = text.plist.xml; path = Config.plist; sourceTree = "<group>"; };
		E1CC51BB156269CC0027FB83 /* QRSubmissionController.h */ = {isa = PBXFileReference; fileEncoding = 4; lastKnownFileType = sourcecode.c.h; path = QRSubmissionController.h; sourceTree = "<group>"; };
		E1CC51BC156269CC0027FB83 /* QRSubmissionController.m */ = {isa = PBXFileReference; fileEncoding = 4; lastKnownFileType = sourcecode.c.objc; path = QRSubmissionController.m; sourceTree = "<group>"; };
		E1CC51EB1563BC1D0027FB83 /* NSXMLNode+Additions.h */ = {isa = PBXFileReference; fileEncoding = 4; lastKnownFileType = sourcecode.c.h; path = "NSXMLNode+Additions.h"; sourceTree = "<group>"; };
		E1CC51EC1563BC1D0027FB83 /* NSXMLNode+Additions.m */ = {isa = PBXFileReference; fileEncoding = 4; lastKnownFileType = sourcecode.c.objc; path = "NSXMLNode+Additions.m"; sourceTree = "<group>"; };
		E1CC51EE1563BF720027FB83 /* QRURLConnection.h */ = {isa = PBXFileReference; fileEncoding = 4; lastKnownFileType = sourcecode.c.h; path = QRURLConnection.h; sourceTree = "<group>"; };
		E1CC51EF1563BF720027FB83 /* QRURLConnection.m */ = {isa = PBXFileReference; fileEncoding = 4; lastKnownFileType = sourcecode.c.objc; path = QRURLConnection.m; sourceTree = "<group>"; };
		E1E9090F1590ABBA0019F189 /* MenubarTemplate.tif */ = {isa = PBXFileReference; lastKnownFileType = image.tiff; path = MenubarTemplate.tif; sourceTree = "<group>"; };
		E1ED7E42159DE17B0033D7C0 /* QRPreferencesWindowController.h */ = {isa = PBXFileReference; fileEncoding = 4; lastKnownFileType = sourcecode.c.h; path = QRPreferencesWindowController.h; sourceTree = "<group>"; };
		E1ED7E43159DE17B0033D7C0 /* QRPreferencesWindowController.m */ = {isa = PBXFileReference; fileEncoding = 4; lastKnownFileType = sourcecode.c.objc; path = QRPreferencesWindowController.m; sourceTree = "<group>"; };
		E1ED7E44159DE17B0033D7C0 /* QRPreferencesWindowController.xib */ = {isa = PBXFileReference; fileEncoding = 4; lastKnownFileType = file.xib; path = QRPreferencesWindowController.xib; sourceTree = "<group>"; };
		E1F8590A158A2D2F005F77DA /* Growl.framework */ = {isa = PBXFileReference; lastKnownFileType = wrapper.framework; path = Growl.framework; sourceTree = "<group>"; };
		EC9FC49915DC3F0800635DEB /* QRRadarWindow.h */ = {isa = PBXFileReference; fileEncoding = 4; lastKnownFileType = sourcecode.c.h; path = QRRadarWindow.h; sourceTree = "<group>"; };
		EC9FC49A15DC3F0800635DEB /* QRRadarWindow.m */ = {isa = PBXFileReference; fileEncoding = 4; lastKnownFileType = sourcecode.c.objc; path = QRRadarWindow.m; sourceTree = "<group>"; };
		ECBC724215E02E6E00198D27 /* QRAppListManager.h */ = {isa = PBXFileReference; fileEncoding = 4; lastKnownFileType = sourcecode.c.h; path = QRAppListManager.h; sourceTree = "<group>"; };
		ECBC724315E02E6E00198D27 /* QRAppListManager.m */ = {isa = PBXFileReference; fileEncoding = 4; lastKnownFileType = sourcecode.c.objc; path = QRAppListManager.m; sourceTree = "<group>"; };
		ECBC724415E02E6E00198D27 /* QRAppListPopover.h */ = {isa = PBXFileReference; fileEncoding = 4; lastKnownFileType = sourcecode.c.h; path = QRAppListPopover.h; sourceTree = "<group>"; };
		ECBC724515E02E6E00198D27 /* QRAppListPopover.m */ = {isa = PBXFileReference; fileEncoding = 4; lastKnownFileType = sourcecode.c.objc; path = QRAppListPopover.m; sourceTree = "<group>"; };
		ECBC724615E02E6E00198D27 /* QRAppListTableCellView.h */ = {isa = PBXFileReference; fileEncoding = 4; lastKnownFileType = sourcecode.c.h; path = QRAppListTableCellView.h; sourceTree = "<group>"; };
		ECBC724715E02E6E00198D27 /* QRAppListTableCellView.m */ = {isa = PBXFileReference; fileEncoding = 4; lastKnownFileType = sourcecode.c.objc; path = QRAppListTableCellView.m; sourceTree = "<group>"; };
		ECBC724815E02E6E00198D27 /* QRAppListViewController.h */ = {isa = PBXFileReference; fileEncoding = 4; lastKnownFileType = sourcecode.c.h; path = QRAppListViewController.h; sourceTree = "<group>"; };
		ECBC724915E02E6E00198D27 /* QRAppListViewController.m */ = {isa = PBXFileReference; fileEncoding = 4; lastKnownFileType = sourcecode.c.objc; path = QRAppListViewController.m; sourceTree = "<group>"; };
		ECBC724A15E02E6E00198D27 /* QRAppListViewController.xib */ = {isa = PBXFileReference; fileEncoding = 4; lastKnownFileType = file.xib; path = QRAppListViewController.xib; sourceTree = "<group>"; };
		ECBC724B15E02E6E00198D27 /* QRCachedRunningApplication.h */ = {isa = PBXFileReference; fileEncoding = 4; lastKnownFileType = sourcecode.c.h; path = QRCachedRunningApplication.h; sourceTree = "<group>"; };
		ECBC724C15E02E6E00198D27 /* QRCachedRunningApplication.m */ = {isa = PBXFileReference; fileEncoding = 4; lastKnownFileType = sourcecode.c.objc; path = QRCachedRunningApplication.m; sourceTree = "<group>"; };
		ECBC725715E02EE300198D27 /* ProductCategories.plist */ = {isa = PBXFileReference; fileEncoding = 4; lastKnownFileType = text.plist.xml; path = ProductCategories.plist; sourceTree = "<group>"; };
		ECBC725815E02EE300198D27 /* WarningIcon.png */ = {isa = PBXFileReference; lastKnownFileType = image.png; path = WarningIcon.png; sourceTree = "<group>"; };
		ECBC725D15E03AD400198D27 /* AppIconSmall.png */ = {isa = PBXFileReference; lastKnownFileType = image.png; path = AppIconSmall.png; sourceTree = "<group>"; };
		ECBC725F15E03E4500198D27 /* NSButton+QuickRadar.h */ = {isa = PBXFileReference; fileEncoding = 4; lastKnownFileType = sourcecode.c.h; path = "NSButton+QuickRadar.h"; sourceTree = "<group>"; };
		ECBC726015E03E4500198D27 /* NSButton+QuickRadar.m */ = {isa = PBXFileReference; fileEncoding = 4; lastKnownFileType = sourcecode.c.objc; path = "NSButton+QuickRadar.m"; sourceTree = "<group>"; };
/* End PBXFileReference section */

/* Begin PBXFrameworksBuildPhase section */
		E1CC5186156257BF0027FB83 /* Frameworks */ = {
			isa = PBXFrameworksBuildPhase;
			buildActionMask = 2147483647;
			files = (
				98EACACC158A86460078D06C /* Security.framework in Frameworks */,
				E1CC51AE156259AC0027FB83 /* Carbon.framework in Frameworks */,
				E1CC518E156257BF0027FB83 /* Cocoa.framework in Frameworks */,
				E1F8590B158A2D2F005F77DA /* Growl.framework in Frameworks */,
				B4EC27EC1591577000E79E8B /* libPTHotkey-OSX.a in Frameworks */,
				E164358815A34FBB0063096B /* Sparkle.framework in Frameworks */,
			);
			runOnlyForDeploymentPostprocessing = 0;
		};
/* End PBXFrameworksBuildPhase section */

/* Begin PBXGroup section */
		E164353C159DFAEA0063096B /* Main Pane */ = {
			isa = PBXGroup;
			children = (
				E1643536159DFAD00063096B /* QRMainAppSettingsViewController.h */,
				E1643537159DFAD00063096B /* QRMainAppSettingsViewController.m */,
				E1643538159DFAD00063096B /* QRMainAppSettingsViewController.xib */,
			);
			name = "Main Pane";
			sourceTree = "<group>";
		};
		E19CFC681599FF1800879280 /* New Radar Window */ = {
			isa = PBXGroup;
			children = (
				ECBC725415E02E7300198D27 /* App List Popover */,
				E1CC51AF15625A8D0027FB83 /* QRRadarWindowController.h */,
				E1CC51B015625A8D0027FB83 /* QRRadarWindowController.m */,
				EC9FC49915DC3F0800635DEB /* QRRadarWindow.h */,
				EC9FC49A15DC3F0800635DEB /* QRRadarWindow.m */,
				E1CC51B215625AAD0027FB83 /* RadarWindow.xib */,
			);
			name = "New Radar Window";
			sourceTree = "<group>";
		};
		E19CFC691599FF7000879280 /* Submission Process */ = {
			isa = PBXGroup;
			children = (
				E1CC51BB156269CC0027FB83 /* QRSubmissionController.h */,
				E1CC51BC156269CC0027FB83 /* QRSubmissionController.m */,
				E19CFC6F159A010600879280 /* QRSubmissionService.h */,
				E19CFC70159A010600879280 /* QRSubmissionService.m */,
			);
			name = "Submission Process";
			sourceTree = "<group>";
		};
		E19CFC6A1599FFFE00879280 /* Submission Services */ = {
			isa = PBXGroup;
			children = (
				E19CFC72159A035E00879280 /* Radar */,
			);
			name = "Submission Services";
			sourceTree = "<group>";
		};
		E19CFC6B159A001400879280 /* Model */ = {
			isa = PBXGroup;
			children = (
				E19CFC6C159A002E00879280 /* QRRadar.h */,
				E19CFC6D159A002E00879280 /* QRRadar.m */,
			);
			name = Model;
			sourceTree = "<group>";
		};
		E19CFC72159A035E00879280 /* Radar */ = {
			isa = PBXGroup;
			children = (
				E19CFC73159A037300879280 /* QRRadarSubmissionService.h */,
				E19CFC74159A037300879280 /* QRRadarSubmissionService.m */,
				E164353D159DFCE50063096B /* QRRadarSubmissionServicePreferencesViewController.h */,
				E164353E159DFCE50063096B /* QRRadarSubmissionServicePreferencesViewController.m */,
				E164353F159DFCE50063096B /* QRRadarSubmissionServicePreferencesViewController.xib */,
			);
			name = Radar;
			sourceTree = "<group>";
		};
		E1C10AE31593B49E003A3C01 /* Helper Classes */ = {
			isa = PBXGroup;
			children = (
				E1CC51EE1563BF720027FB83 /* QRURLConnection.h */,
				E1CC51EF1563BF720027FB83 /* QRURLConnection.m */,
				E1CC51EB1563BC1D0027FB83 /* NSXMLNode+Additions.h */,
				E1CC51EC1563BC1D0027FB83 /* NSXMLNode+Additions.m */,
				E1C10AE51593B4C8003A3C01 /* QRWebScraper.h */,
				E1C10AE61593B4C8003A3C01 /* QRWebScraper.m */,
				98EACACE158A89670078D06C /* PasswordStoring.h */,
				98EACACF158A89670078D06C /* PasswordStoring.m */,
				E164357915A2FC770063096B /* NSError+Additions.h */,
				E164357A15A2FC770063096B /* NSError+Additions.m */,
			);
			name = "Helper Classes";
			sourceTree = "<group>";
		};
		E1CC517E156257BF0027FB83 = {
			isa = PBXGroup;
			children = (
				E1CC5193156257BF0027FB83 /* QuickRadar */,
				E1CC5194156257BF0027FB83 /* Supporting Files */,
				E1CC518C156257BF0027FB83 /* Frameworks */,
				E1CC518A156257BF0027FB83 /* Products */,
			);
			sourceTree = "<group>";
		};
		E1CC518A156257BF0027FB83 /* Products */ = {
			isa = PBXGroup;
			children = (
				E1CC5189156257BF0027FB83 /* QuickRadar.app */,
			);
			name = Products;
			sourceTree = "<group>";
		};
		E1CC518C156257BF0027FB83 /* Frameworks */ = {
			isa = PBXGroup;
			children = (
				E164358715A34FBB0063096B /* Sparkle.framework */,
				B4EC27EB1591577000E79E8B /* libPTHotkey-OSX.a */,
				E1CC51AD156259AC0027FB83 /* Carbon.framework */,
				98EACACB158A86460078D06C /* Security.framework */,
				E1F8590A158A2D2F005F77DA /* Growl.framework */,
				E1CC518D156257BF0027FB83 /* Cocoa.framework */,
				E1CC518F156257BF0027FB83 /* Other Frameworks */,
			);
			name = Frameworks;
			sourceTree = "<group>";
		};
		E1CC518F156257BF0027FB83 /* Other Frameworks */ = {
			isa = PBXGroup;
			children = (
				E1CC5190156257BF0027FB83 /* AppKit.framework */,
				E1CC5191156257BF0027FB83 /* CoreData.framework */,
				E1CC5192156257BF0027FB83 /* Foundation.framework */,
			);
			name = "Other Frameworks";
			sourceTree = "<group>";
		};
		E1CC5193156257BF0027FB83 /* QuickRadar */ = {
			isa = PBXGroup;
			children = (
				E164358215A346910063096B /* QRUserDefaultsKeys.h */,
				E1CC519F156257BF0027FB83 /* AppDelegate.h */,
				E1CC51A0156257BF0027FB83 /* AppDelegate.m */,
				E1CC51A2156257BF0027FB83 /* MainMenu.xib */,
				E1CC51B415625C5B0027FB83 /* Config.plist */,
				E19CFC681599FF1800879280 /* New Radar Window */,
				E1ED7E40159DE15F0033D7C0 /* Preferences Window */,
				E19CFC6B159A001400879280 /* Model */,
				E19CFC691599FF7000879280 /* Submission Process */,
				E19CFC6A1599FFFE00879280 /* Submission Services */,
				E1C10AE31593B49E003A3C01 /* Helper Classes */,
			);
			path = QuickRadar;
			sourceTree = "<group>";
		};
		E1CC5194156257BF0027FB83 /* Supporting Files */ = {
			isa = PBXGroup;
			children = (
				E164358915A351A40063096B /* dsa_pub.pem */,
				B4EC27ED1591577A00E79E8B /* PTKeyCodes.plist */,
				B4EC27EE1591577A00E79E8B /* PTKeyComboPanel.xib */,
				B4688667158FF91A00C94B09 /* Appicon.icns */,
				E1E9090F1590ABBA0019F189 /* MenubarTemplate.tif */,
				B4688665158FF4D900C94B09 /* README.md */,
				E1CC5195156257BF0027FB83 /* QuickRadar-Info.plist */,
				E1CC5199156257BF0027FB83 /* main.m */,
				E1CC519B156257BF0027FB83 /* QuickRadar-Prefix.pch */,
				E1CC519C156257BF0027FB83 /* Credits.rtf */,
				E1C10AC9158A7D02003A3C01 /* License */,
			);
			name = "Supporting Files";
			path = QuickRadar;
			sourceTree = "<group>";
		};
		E1ED7E40159DE15F0033D7C0 /* Preferences Window */ = {
			isa = PBXGroup;
			children = (
				E1ED7E42159DE17B0033D7C0 /* QRPreferencesWindowController.h */,
				E1ED7E43159DE17B0033D7C0 /* QRPreferencesWindowController.m */,
				E1ED7E44159DE17B0033D7C0 /* QRPreferencesWindowController.xib */,
				E164353C159DFAEA0063096B /* Main Pane */,
			);
			name = "Preferences Window";
			sourceTree = "<group>";
		};
		ECBC725415E02E7300198D27 /* App List Popover */ = {
			isa = PBXGroup;
			children = (
				ECBC725515E02E8D00198D27 /* Helper Classes */,
				ECBC725C15E02F0300198D27 /* Resources */,
				ECBC724415E02E6E00198D27 /* QRAppListPopover.h */,
				ECBC724515E02E6E00198D27 /* QRAppListPopover.m */,
				ECBC724B15E02E6E00198D27 /* QRCachedRunningApplication.h */,
				ECBC724C15E02E6E00198D27 /* QRCachedRunningApplication.m */,
			);
			name = "App List Popover";
			sourceTree = "<group>";
		};
		ECBC725515E02E8D00198D27 /* Helper Classes */ = {
			isa = PBXGroup;
			children = (
				ECBC725F15E03E4500198D27 /* NSButton+QuickRadar.h */,
				ECBC726015E03E4500198D27 /* NSButton+QuickRadar.m */,
				ECBC724215E02E6E00198D27 /* QRAppListManager.h */,
				ECBC724315E02E6E00198D27 /* QRAppListManager.m */,
				ECBC724615E02E6E00198D27 /* QRAppListTableCellView.h */,
				ECBC724715E02E6E00198D27 /* QRAppListTableCellView.m */,
				ECBC724815E02E6E00198D27 /* QRAppListViewController.h */,
				ECBC724915E02E6E00198D27 /* QRAppListViewController.m */,
				ECBC724A15E02E6E00198D27 /* QRAppListViewController.xib */,
			);
			name = "Helper Classes";
			sourceTree = "<group>";
		};
		ECBC725C15E02F0300198D27 /* Resources */ = {
			isa = PBXGroup;
			children = (
				ECBC725D15E03AD400198D27 /* AppIconSmall.png */,
				ECBC725715E02EE300198D27 /* ProductCategories.plist */,
				ECBC725815E02EE300198D27 /* WarningIcon.png */,
			);
			name = Resources;
			sourceTree = "<group>";
		};
/* End PBXGroup section */

/* Begin PBXNativeTarget section */
		E1CC5188156257BF0027FB83 /* QuickRadar */ = {
			isa = PBXNativeTarget;
			buildConfigurationList = E1CC51A7156257BF0027FB83 /* Build configuration list for PBXNativeTarget "QuickRadar" */;
			buildPhases = (
				E1CC5185156257BF0027FB83 /* Sources */,
				E1CC5186156257BF0027FB83 /* Frameworks */,
				E1CC5187156257BF0027FB83 /* Resources */,
				E1F8590D158A2EE5005F77DA /* CopyFiles */,
			);
			buildRules = (
			);
			dependencies = (
			);
			name = QuickRadar;
			productName = QuickRadar;
			productReference = E1CC5189156257BF0027FB83 /* QuickRadar.app */;
			productType = "com.apple.product-type.application";
		};
/* End PBXNativeTarget section */

/* Begin PBXProject section */
		E1CC5180156257BF0027FB83 /* Project object */ = {
			isa = PBXProject;
			attributes = {
				LastUpgradeCheck = 0450;
			};
			buildConfigurationList = E1CC5183156257BF0027FB83 /* Build configuration list for PBXProject "QuickRadar" */;
			compatibilityVersion = "Xcode 3.2";
			developmentRegion = English;
			hasScannedForEncodings = 0;
			knownRegions = (
				en,
			);
			mainGroup = E1CC517E156257BF0027FB83;
			productRefGroup = E1CC518A156257BF0027FB83 /* Products */;
			projectDirPath = "";
			projectRoot = "";
			targets = (
				E1CC5188156257BF0027FB83 /* QuickRadar */,
			);
		};
/* End PBXProject section */

/* Begin PBXResourcesBuildPhase section */
		E1CC5187156257BF0027FB83 /* Resources */ = {
			isa = PBXResourcesBuildPhase;
			buildActionMask = 2147483647;
			files = (
				E1CC519E156257BF0027FB83 /* Credits.rtf in Resources */,
				E1CC51A4156257BF0027FB83 /* MainMenu.xib in Resources */,
				E1CC51B315625AAD0027FB83 /* RadarWindow.xib in Resources */,
				E1CC51B515625C5B0027FB83 /* Config.plist in Resources */,
				E1C10ACA158A7D02003A3C01 /* License in Resources */,
				B4688666158FF4D900C94B09 /* README.md in Resources */,
				B4688669158FF91A00C94B09 /* Appicon.icns in Resources */,
				E1E909101590ABBA0019F189 /* MenubarTemplate.tif in Resources */,
				B4EC27EF1591577A00E79E8B /* PTKeyCodes.plist in Resources */,
				B4EC27F01591577A00E79E8B /* PTKeyComboPanel.xib in Resources */,
				E1ED7E46159DE17B0033D7C0 /* QRPreferencesWindowController.xib in Resources */,
				E164353A159DFAD00063096B /* QRMainAppSettingsViewController.xib in Resources */,
				E1643541159DFCE50063096B /* QRRadarSubmissionServicePreferencesViewController.xib in Resources */,
				E164358A15A351A40063096B /* dsa_pub.pem in Resources */,
				ECBC725115E02E6E00198D27 /* QRAppListViewController.xib in Resources */,
				ECBC725A15E02EE300198D27 /* ProductCategories.plist in Resources */,
				ECBC725B15E02EE300198D27 /* WarningIcon.png in Resources */,
				ECBC725E15E03AD400198D27 /* AppIconSmall.png in Resources */,
			);
			runOnlyForDeploymentPostprocessing = 0;
		};
/* End PBXResourcesBuildPhase section */

/* Begin PBXSourcesBuildPhase section */
		E1CC5185156257BF0027FB83 /* Sources */ = {
			isa = PBXSourcesBuildPhase;
			buildActionMask = 2147483647;
			files = (
				E1CC519A156257BF0027FB83 /* main.m in Sources */,
				E1CC51A1156257BF0027FB83 /* AppDelegate.m in Sources */,
				E1CC51B115625A8D0027FB83 /* QRRadarWindowController.m in Sources */,
				E1CC51BD156269CC0027FB83 /* QRSubmissionController.m in Sources */,
				E1CC51ED1563BC1E0027FB83 /* NSXMLNode+Additions.m in Sources */,
				E1CC51F01563BF720027FB83 /* QRURLConnection.m in Sources */,
				98EACAD0158A89670078D06C /* PasswordStoring.m in Sources */,
				E1C10AE71593B4C8003A3C01 /* QRWebScraper.m in Sources */,
				E19CFC6E159A002E00879280 /* QRRadar.m in Sources */,
				E19CFC71159A010600879280 /* QRSubmissionService.m in Sources */,
				E19CFC75159A037300879280 /* QRRadarSubmissionService.m in Sources */,
				E1ED7E45159DE17B0033D7C0 /* QRPreferencesWindowController.m in Sources */,
				E1643539159DFAD00063096B /* QRMainAppSettingsViewController.m in Sources */,
				E1643540159DFCE50063096B /* QRRadarSubmissionServicePreferencesViewController.m in Sources */,
				E164357B15A2FC770063096B /* NSError+Additions.m in Sources */,
				EC9FC49B15DC3F0800635DEB /* QRRadarWindow.m in Sources */,
				ECBC724D15E02E6E00198D27 /* QRAppListManager.m in Sources */,
				ECBC724E15E02E6E00198D27 /* QRAppListPopover.m in Sources */,
				ECBC724F15E02E6E00198D27 /* QRAppListTableCellView.m in Sources */,
				ECBC725015E02E6E00198D27 /* QRAppListViewController.m in Sources */,
				ECBC725215E02E6E00198D27 /* QRCachedRunningApplication.m in Sources */,
				ECBC726115E03E4500198D27 /* NSButton+QuickRadar.m in Sources */,
			);
			runOnlyForDeploymentPostprocessing = 0;
		};
/* End PBXSourcesBuildPhase section */

/* Begin PBXVariantGroup section */
		E1CC519C156257BF0027FB83 /* Credits.rtf */ = {
			isa = PBXVariantGroup;
			children = (
				E1CC519D156257BF0027FB83 /* en */,
			);
			name = Credits.rtf;
			sourceTree = "<group>";
		};
		E1CC51A2156257BF0027FB83 /* MainMenu.xib */ = {
			isa = PBXVariantGroup;
			children = (
				E1CC51A3156257BF0027FB83 /* en */,
			);
			name = MainMenu.xib;
			sourceTree = "<group>";
		};
/* End PBXVariantGroup section */

/* Begin XCBuildConfiguration section */
		E1CC51A5156257BF0027FB83 /* Debug */ = {
			isa = XCBuildConfiguration;
			buildSettings = {
				ALWAYS_SEARCH_USER_PATHS = NO;
				ARCHS = "$(ARCHS_STANDARD_64_BIT)";
				CLANG_ENABLE_OBJC_ARC = YES;
				COMBINE_HIDPI_IMAGES = YES;
				COPY_PHASE_STRIP = NO;
				GCC_C_LANGUAGE_STANDARD = gnu99;
				GCC_DYNAMIC_NO_PIC = NO;
				GCC_ENABLE_OBJC_EXCEPTIONS = YES;
				GCC_OPTIMIZATION_LEVEL = 0;
				GCC_PREPROCESSOR_DEFINITIONS = (
					"DEBUG=1",
					"$(inherited)",
				);
				GCC_SYMBOLS_PRIVATE_EXTERN = NO;
				GCC_VERSION = com.apple.compilers.llvm.clang.1_0;
				GCC_WARN_64_TO_32_BIT_CONVERSION = YES;
				GCC_WARN_ABOUT_RETURN_TYPE = YES;
				GCC_WARN_UNINITIALIZED_AUTOS = YES;
				GCC_WARN_UNUSED_VARIABLE = YES;
				MACOSX_DEPLOYMENT_TARGET = 10.7;
				ONLY_ACTIVE_ARCH = YES;
				SDKROOT = macosx;
			};
			name = Debug;
		};
		E1CC51A6156257BF0027FB83 /* Release */ = {
			isa = XCBuildConfiguration;
			buildSettings = {
				ALWAYS_SEARCH_USER_PATHS = NO;
				ARCHS = "$(ARCHS_STANDARD_64_BIT)";
				CLANG_ENABLE_OBJC_ARC = YES;
				COMBINE_HIDPI_IMAGES = YES;
				COPY_PHASE_STRIP = YES;
				DEBUG_INFORMATION_FORMAT = "dwarf-with-dsym";
				GCC_C_LANGUAGE_STANDARD = gnu99;
				GCC_ENABLE_OBJC_EXCEPTIONS = YES;
				GCC_VERSION = com.apple.compilers.llvm.clang.1_0;
				GCC_WARN_64_TO_32_BIT_CONVERSION = YES;
				GCC_WARN_ABOUT_RETURN_TYPE = YES;
				GCC_WARN_UNINITIALIZED_AUTOS = YES;
				GCC_WARN_UNUSED_VARIABLE = YES;
				MACOSX_DEPLOYMENT_TARGET = 10.7;
				SDKROOT = macosx;
			};
			name = Release;
		};
		E1CC51A8156257BF0027FB83 /* Debug */ = {
			isa = XCBuildConfiguration;
			buildSettings = {
				FRAMEWORK_SEARCH_PATHS = (
					"$(inherited)",
					"\"$(SRCROOT)\"",
				);
				GCC_PRECOMPILE_PREFIX_HEADER = YES;
				GCC_PREFIX_HEADER = "QuickRadar/QuickRadar-Prefix.pch";
				HEADER_SEARCH_PATHS = "\"$(PROJECT_DIR)/PTHotKey/\"";
				INFOPLIST_FILE = "QuickRadar/QuickRadar-Info.plist";
				LIBRARY_SEARCH_PATHS = (
					"$(inherited)",
					"\"$(SRCROOT)/PTHotkey\"",
				);
				PRODUCT_NAME = "$(TARGET_NAME)";
				WRAPPER_EXTENSION = app;
			};
			name = Debug;
		};
		E1CC51A9156257BF0027FB83 /* Release */ = {
			isa = XCBuildConfiguration;
			buildSettings = {
				FRAMEWORK_SEARCH_PATHS = (
					"$(inherited)",
					"\"$(SRCROOT)\"",
				);
				GCC_PRECOMPILE_PREFIX_HEADER = YES;
				GCC_PREFIX_HEADER = "QuickRadar/QuickRadar-Prefix.pch";
				HEADER_SEARCH_PATHS = "\"$(PROJECT_DIR)/PTHotKey/\"";
				INFOPLIST_FILE = "QuickRadar/QuickRadar-Info.plist";
				LIBRARY_SEARCH_PATHS = (
					"$(inherited)",
					"\"$(SRCROOT)/PTHotkey\"",
				);
				PRODUCT_NAME = "$(TARGET_NAME)";
				WRAPPER_EXTENSION = app;
			};
			name = Release;
		};
/* End XCBuildConfiguration section */

/* Begin XCConfigurationList section */
		E1CC5183156257BF0027FB83 /* Build configuration list for PBXProject "QuickRadar" */ = {
			isa = XCConfigurationList;
			buildConfigurations = (
				E1CC51A5156257BF0027FB83 /* Debug */,
				E1CC51A6156257BF0027FB83 /* Release */,
			);
			defaultConfigurationIsVisible = 0;
			defaultConfigurationName = Release;
		};
		E1CC51A7156257BF0027FB83 /* Build configuration list for PBXNativeTarget "QuickRadar" */ = {
			isa = XCConfigurationList;
			buildConfigurations = (
				E1CC51A8156257BF0027FB83 /* Debug */,
				E1CC51A9156257BF0027FB83 /* Release */,
			);
			defaultConfigurationIsVisible = 0;
			defaultConfigurationName = Release;
		};
/* End XCConfigurationList section */
	};
	rootObject = E1CC5180156257BF0027FB83 /* Project object */;
}
